// !$*UTF8*$!
{
	archiveVersion = 1;
	classes = {
	};
	objectVersion = 46;
	objects = {

/* Begin PBXBuildFile section */
		A64660A31A234F0000648FD9 /* bridge.m in Sources */ = {isa = PBXBuildFile; fileRef = A64660A21A234F0000648FD9 /* bridge.m */; };
		A64660A81A27771400648FD9 /* OpenJsCADBlackShader.fs in Resources */ = {isa = PBXBuildFile; fileRef = A64660A41A27771400648FD9 /* OpenJsCADBlackShader.fs */; };
		A64660A91A27771400648FD9 /* OpenJsCADBlackShader.vs in Resources */ = {isa = PBXBuildFile; fileRef = A64660A51A27771400648FD9 /* OpenJsCADBlackShader.vs */; };
		A64660B01A2B3A7D00648FD9 /* Shader.swift in Sources */ = {isa = PBXBuildFile; fileRef = A64660AF1A2B3A7D00648FD9 /* Shader.swift */; };
		A64660B31A2CC77600648FD9 /* OpenJsCADLightingShader.fs in Resources */ = {isa = PBXBuildFile; fileRef = A64660B11A2CC77600648FD9 /* OpenJsCADLightingShader.fs */; };
		A64660B41A2CC77600648FD9 /* OpenJsCADLightingShader.vs in Resources */ = {isa = PBXBuildFile; fileRef = A64660B21A2CC77600648FD9 /* OpenJsCADLightingShader.vs */; };
		A68607F219EEC1E1005E858A /* main.swift in Sources */ = {isa = PBXBuildFile; fileRef = A68607F119EEC1E1005E858A /* main.swift */; };
		A68607F419EEC1E1005E858A /* AppDelegate.swift in Sources */ = {isa = PBXBuildFile; fileRef = A68607F319EEC1E1005E858A /* AppDelegate.swift */; };
		A68607F619EEC1E1005E858A /* Images.xcassets in Resources */ = {isa = PBXBuildFile; fileRef = A68607F519EEC1E1005E858A /* Images.xcassets */; };
		A68607F919EEC1E1005E858A /* MainMenu.xib in Resources */ = {isa = PBXBuildFile; fileRef = A68607F719EEC1E1005E858A /* MainMenu.xib */; };
		A686080519EEC1E1005E858A /* MINTTests.swift in Sources */ = {isa = PBXBuildFile; fileRef = A686080419EEC1E1005E858A /* MINTTests.swift */; };
		A686080F19EEC202005E858A /* OpenGL.framework in Frameworks */ = {isa = PBXBuildFile; fileRef = A686080E19EEC202005E858A /* OpenGL.framework */; };
		A686081119EEC93B005E858A /* ModelView.swift in Sources */ = {isa = PBXBuildFile; fileRef = A686081019EEC93B005E858A /* ModelView.swift */; };
/* End PBXBuildFile section */

/* Begin PBXContainerItemProxy section */
		A68607FF19EEC1E1005E858A /* PBXContainerItemProxy */ = {
			isa = PBXContainerItemProxy;
			containerPortal = A68607E419EEC1E0005E858A /* Project object */;
			proxyType = 1;
			remoteGlobalIDString = A68607EB19EEC1E1005E858A;
			remoteInfo = MINT;
		};
/* End PBXContainerItemProxy section */

/* Begin PBXFileReference section */
		A64660A11A234F0000648FD9 /* MINT-Bridging-Header.h */ = {isa = PBXFileReference; lastKnownFileType = sourcecode.c.h; path = "MINT-Bridging-Header.h"; sourceTree = "<group>"; };
		A64660A21A234F0000648FD9 /* bridge.m */ = {isa = PBXFileReference; fileEncoding = 4; lastKnownFileType = sourcecode.c.objc; path = bridge.m; sourceTree = "<group>"; };
		A64660A41A27771400648FD9 /* OpenJsCADBlackShader.fs */ = {isa = PBXFileReference; lastKnownFileType = sourcecode.glsl; name = OpenJsCADBlackShader.fs; path = MINT/OpenJsCADBlackShader.fs; sourceTree = "<group>"; };
		A64660A51A27771400648FD9 /* OpenJsCADBlackShader.vs */ = {isa = PBXFileReference; lastKnownFileType = sourcecode.glsl; name = OpenJsCADBlackShader.vs; path = MINT/OpenJsCADBlackShader.vs; sourceTree = "<group>"; };
		A64660AF1A2B3A7D00648FD9 /* Shader.swift */ = {isa = PBXFileReference; fileEncoding = 4; lastKnownFileType = sourcecode.swift; path = Shader.swift; sourceTree = "<group>"; };
		A64660B11A2CC77600648FD9 /* OpenJsCADLightingShader.fs */ = {isa = PBXFileReference; lastKnownFileType = sourcecode.glsl; name = OpenJsCADLightingShader.fs; path = MINT/OpenJsCADLightingShader.fs; sourceTree = "<group>"; };
		A64660B21A2CC77600648FD9 /* OpenJsCADLightingShader.vs */ = {isa = PBXFileReference; lastKnownFileType = sourcecode.glsl; name = OpenJsCADLightingShader.vs; path = MINT/OpenJsCADLightingShader.vs; sourceTree = "<group>"; };
		A68607EC19EEC1E1005E858A /* MINT.app */ = {isa = PBXFileReference; explicitFileType = wrapper.application; includeInIndex = 0; path = MINT.app; sourceTree = BUILT_PRODUCTS_DIR; };
		A68607F019EEC1E1005E858A /* Info.plist */ = {isa = PBXFileReference; lastKnownFileType = text.plist.xml; path = Info.plist; sourceTree = "<group>"; };
		A68607F119EEC1E1005E858A /* main.swift */ = {isa = PBXFileReference; lastKnownFileType = sourcecode.swift; path = main.swift; sourceTree = "<group>"; };
		A68607F319EEC1E1005E858A /* AppDelegate.swift */ = {isa = PBXFileReference; lastKnownFileType = sourcecode.swift; path = AppDelegate.swift; sourceTree = "<group>"; };
		A68607F519EEC1E1005E858A /* Images.xcassets */ = {isa = PBXFileReference; lastKnownFileType = folder.assetcatalog; path = Images.xcassets; sourceTree = "<group>"; };
		A68607F819EEC1E1005E858A /* Base */ = {isa = PBXFileReference; lastKnownFileType = file.xib; name = Base; path = Base.lproj/MainMenu.xib; sourceTree = "<group>"; };
		A68607FE19EEC1E1005E858A /* MINTTests.xctest */ = {isa = PBXFileReference; explicitFileType = wrapper.cfbundle; includeInIndex = 0; path = MINTTests.xctest; sourceTree = BUILT_PRODUCTS_DIR; };
		A686080319EEC1E1005E858A /* Info.plist */ = {isa = PBXFileReference; lastKnownFileType = text.plist.xml; path = Info.plist; sourceTree = "<group>"; };
		A686080419EEC1E1005E858A /* MINTTests.swift */ = {isa = PBXFileReference; lastKnownFileType = sourcecode.swift; path = MINTTests.swift; sourceTree = "<group>"; };
		A686080E19EEC202005E858A /* OpenGL.framework */ = {isa = PBXFileReference; lastKnownFileType = wrapper.framework; name = OpenGL.framework; path = System/Library/Frameworks/OpenGL.framework; sourceTree = SDKROOT; };
		A686081019EEC93B005E858A /* ModelView.swift */ = {isa = PBXFileReference; fileEncoding = 4; lastKnownFileType = sourcecode.swift; path = ModelView.swift; sourceTree = "<group>"; };
		A686081219F01791005E858A /* mint.playground */ = {isa = PBXFileReference; lastKnownFileType = file.playground; path = mint.playground; sourceTree = "<group>"; };
/* End PBXFileReference section */

/* Begin PBXFrameworksBuildPhase section */
		A68607E919EEC1E1005E858A /* Frameworks */ = {
			isa = PBXFrameworksBuildPhase;
			buildActionMask = 2147483647;
			files = (
				A686080F19EEC202005E858A /* OpenGL.framework in Frameworks */,
			);
			runOnlyForDeploymentPostprocessing = 0;
		};
		A68607FB19EEC1E1005E858A /* Frameworks */ = {
			isa = PBXFrameworksBuildPhase;
			buildActionMask = 2147483647;
			files = (
			);
			runOnlyForDeploymentPostprocessing = 0;
		};
/* End PBXFrameworksBuildPhase section */

/* Begin PBXGroup section */
		A64660AC1A27773100648FD9 /* Shader */ = {
			isa = PBXGroup;
			children = (
				A64660B11A2CC77600648FD9 /* OpenJsCADLightingShader.fs */,
				A64660B21A2CC77600648FD9 /* OpenJsCADLightingShader.vs */,
				A64660A41A27771400648FD9 /* OpenJsCADBlackShader.fs */,
				A64660A51A27771400648FD9 /* OpenJsCADBlackShader.vs */,
			);
			name = Shader;
			sourceTree = "<group>";
		};
		A68607E319EEC1E0005E858A = {
			isa = PBXGroup;
			children = (
				A64660AC1A27773100648FD9 /* Shader */,
				A686080E19EEC202005E858A /* OpenGL.framework */,
				A68607EE19EEC1E1005E858A /* MINT */,
				A686080119EEC1E1005E858A /* MINTTests */,
				A68607ED19EEC1E1005E858A /* Products */,
			);
			sourceTree = "<group>";
		};
		A68607ED19EEC1E1005E858A /* Products */ = {
			isa = PBXGroup;
			children = (
				A68607EC19EEC1E1005E858A /* MINT.app */,
				A68607FE19EEC1E1005E858A /* MINTTests.xctest */,
			);
			name = Products;
			sourceTree = "<group>";
		};
		A68607EE19EEC1E1005E858A /* MINT */ = {
			isa = PBXGroup;
			children = (
				A68607F319EEC1E1005E858A /* AppDelegate.swift */,
				A686081219F01791005E858A /* mint.playground */,
				A686081019EEC93B005E858A /* ModelView.swift */,
				A64660AF1A2B3A7D00648FD9 /* Shader.swift */,
				A64660A21A234F0000648FD9 /* bridge.m */,
				A68607F519EEC1E1005E858A /* Images.xcassets */,
				A68607F719EEC1E1005E858A /* MainMenu.xib */,
				A68607EF19EEC1E1005E858A /* Supporting Files */,
				A64660A11A234F0000648FD9 /* MINT-Bridging-Header.h */,
			);
			path = MINT;
			sourceTree = "<group>";
		};
		A68607EF19EEC1E1005E858A /* Supporting Files */ = {
			isa = PBXGroup;
			children = (
				A68607F019EEC1E1005E858A /* Info.plist */,
				A68607F119EEC1E1005E858A /* main.swift */,
			);
			name = "Supporting Files";
			sourceTree = "<group>";
		};
		A686080119EEC1E1005E858A /* MINTTests */ = {
			isa = PBXGroup;
			children = (
				A686080419EEC1E1005E858A /* MINTTests.swift */,
				A686080219EEC1E1005E858A /* Supporting Files */,
			);
			path = MINTTests;
			sourceTree = "<group>";
		};
		A686080219EEC1E1005E858A /* Supporting Files */ = {
			isa = PBXGroup;
			children = (
				A686080319EEC1E1005E858A /* Info.plist */,
			);
			name = "Supporting Files";
			sourceTree = "<group>";
		};
/* End PBXGroup section */

/* Begin PBXNativeTarget section */
		A68607EB19EEC1E1005E858A /* MINT */ = {
			isa = PBXNativeTarget;
			buildConfigurationList = A686080819EEC1E1005E858A /* Build configuration list for PBXNativeTarget "MINT" */;
			buildPhases = (
				A68607E819EEC1E1005E858A /* Sources */,
				A68607E919EEC1E1005E858A /* Frameworks */,
				A68607EA19EEC1E1005E858A /* Resources */,
			);
			buildRules = (
			);
			dependencies = (
			);
			name = MINT;
			productName = MINT;
			productReference = A68607EC19EEC1E1005E858A /* MINT.app */;
			productType = "com.apple.product-type.application";
		};
		A68607FD19EEC1E1005E858A /* MINTTests */ = {
			isa = PBXNativeTarget;
			buildConfigurationList = A686080B19EEC1E1005E858A /* Build configuration list for PBXNativeTarget "MINTTests" */;
			buildPhases = (
				A68607FA19EEC1E1005E858A /* Sources */,
				A68607FB19EEC1E1005E858A /* Frameworks */,
				A68607FC19EEC1E1005E858A /* Resources */,
			);
			buildRules = (
			);
			dependencies = (
				A686080019EEC1E1005E858A /* PBXTargetDependency */,
			);
			name = MINTTests;
			productName = MINTTests;
			productReference = A68607FE19EEC1E1005E858A /* MINTTests.xctest */;
			productType = "com.apple.product-type.bundle.unit-test";
		};
/* End PBXNativeTarget section */

/* Begin PBXProject section */
		A68607E419EEC1E0005E858A /* Project object */ = {
			isa = PBXProject;
			attributes = {
				LastUpgradeCheck = 0600;
				ORGANIZATIONNAME = "Taizo A.";
				TargetAttributes = {
					A68607EB19EEC1E1005E858A = {
						CreatedOnToolsVersion = 6.0;
					};
					A68607FD19EEC1E1005E858A = {
						CreatedOnToolsVersion = 6.0;
						TestTargetID = A68607EB19EEC1E1005E858A;
					};
				};
			};
			buildConfigurationList = A68607E719EEC1E0005E858A /* Build configuration list for PBXProject "MINT" */;
			compatibilityVersion = "Xcode 3.2";
			developmentRegion = English;
			hasScannedForEncodings = 0;
			knownRegions = (
				en,
				Base,
			);
			mainGroup = A68607E319EEC1E0005E858A;
			productRefGroup = A68607ED19EEC1E1005E858A /* Products */;
			projectDirPath = "";
			projectRoot = "";
			targets = (
				A68607EB19EEC1E1005E858A /* MINT */,
				A68607FD19EEC1E1005E858A /* MINTTests */,
			);
		};
/* End PBXProject section */

/* Begin PBXResourcesBuildPhase section */
		A68607EA19EEC1E1005E858A /* Resources */ = {
			isa = PBXResourcesBuildPhase;
			buildActionMask = 2147483647;
			files = (
				A64660B31A2CC77600648FD9 /* OpenJsCADLightingShader.fs in Resources */,
				A64660B41A2CC77600648FD9 /* OpenJsCADLightingShader.vs in Resources */,
				A64660A81A27771400648FD9 /* OpenJsCADBlackShader.fs in Resources */,
				A64660A91A27771400648FD9 /* OpenJsCADBlackShader.vs in Resources */,
				A68607F619EEC1E1005E858A /* Images.xcassets in Resources */,
				A68607F919EEC1E1005E858A /* MainMenu.xib in Resources */,
			);
			runOnlyForDeploymentPostprocessing = 0;
		};
		A68607FC19EEC1E1005E858A /* Resources */ = {
			isa = PBXResourcesBuildPhase;
			buildActionMask = 2147483647;
			files = (
			);
			runOnlyForDeploymentPostprocessing = 0;
		};
/* End PBXResourcesBuildPhase section */

/* Begin PBXSourcesBuildPhase section */
		A68607E819EEC1E1005E858A /* Sources */ = {
			isa = PBXSourcesBuildPhase;
			buildActionMask = 2147483647;
			files = (
				A64660A31A234F0000648FD9 /* bridge.m in Sources */,
				A686081119EEC93B005E858A /* ModelView.swift in Sources */,
				A68607F419EEC1E1005E858A /* AppDelegate.swift in Sources */,
				A68607F219EEC1E1005E858A /* main.swift in Sources */,
				A64660B01A2B3A7D00648FD9 /* Shader.swift in Sources */,
			);
			runOnlyForDeploymentPostprocessing = 0;
		};
		A68607FA19EEC1E1005E858A /* Sources */ = {
			isa = PBXSourcesBuildPhase;
			buildActionMask = 2147483647;
			files = (
				A686080519EEC1E1005E858A /* MINTTests.swift in Sources */,
			);
			runOnlyForDeploymentPostprocessing = 0;
		};
/* End PBXSourcesBuildPhase section */

/* Begin PBXTargetDependency section */
		A686080019EEC1E1005E858A /* PBXTargetDependency */ = {
			isa = PBXTargetDependency;
			target = A68607EB19EEC1E1005E858A /* MINT */;
			targetProxy = A68607FF19EEC1E1005E858A /* PBXContainerItemProxy */;
		};
/* End PBXTargetDependency section */

/* Begin PBXVariantGroup section */
		A68607F719EEC1E1005E858A /* MainMenu.xib */ = {
			isa = PBXVariantGroup;
			children = (
				A68607F819EEC1E1005E858A /* Base */,
			);
			name = MainMenu.xib;
			sourceTree = "<group>";
		};
/* End PBXVariantGroup section */

/* Begin XCBuildConfiguration section */
		A686080619EEC1E1005E858A /* Debug */ = {
			isa = XCBuildConfiguration;
			buildSettings = {
				ALWAYS_SEARCH_USER_PATHS = NO;
				CLANG_CXX_LANGUAGE_STANDARD = "gnu++0x";
				CLANG_CXX_LIBRARY = "libc++";
				CLANG_ENABLE_MODULES = YES;
				CLANG_ENABLE_OBJC_ARC = YES;
				CLANG_WARN_BOOL_CONVERSION = YES;
				CLANG_WARN_CONSTANT_CONVERSION = YES;
				CLANG_WARN_DIRECT_OBJC_ISA_USAGE = YES_ERROR;
				CLANG_WARN_EMPTY_BODY = YES;
				CLANG_WARN_ENUM_CONVERSION = YES;
				CLANG_WARN_INT_CONVERSION = YES;
				CLANG_WARN_OBJC_ROOT_CLASS = YES_ERROR;
				CLANG_WARN_UNREACHABLE_CODE = YES;
				CLANG_WARN__DUPLICATE_METHOD_MATCH = YES;
				CODE_SIGN_IDENTITY = "-";
				COPY_PHASE_STRIP = NO;
				ENABLE_STRICT_OBJC_MSGSEND = YES;
				GCC_C_LANGUAGE_STANDARD = gnu99;
				GCC_DYNAMIC_NO_PIC = NO;
				GCC_OPTIMIZATION_LEVEL = 0;
				GCC_PREPROCESSOR_DEFINITIONS = (
					"DEBUG=1",
					"$(inherited)",
				);
				GCC_SYMBOLS_PRIVATE_EXTERN = NO;
				GCC_WARN_64_TO_32_BIT_CONVERSION = YES;
				GCC_WARN_ABOUT_RETURN_TYPE = YES_ERROR;
				GCC_WARN_UNDECLARED_SELECTOR = YES;
				GCC_WARN_UNINITIALIZED_AUTOS = YES_AGGRESSIVE;
				GCC_WARN_UNUSED_FUNCTION = YES;
				GCC_WARN_UNUSED_VARIABLE = YES;
				MACOSX_DEPLOYMENT_TARGET = 10.9;
				MTL_ENABLE_DEBUG_INFO = YES;
				ONLY_ACTIVE_ARCH = YES;
				SDKROOT = macosx;
				SWIFT_OPTIMIZATION_LEVEL = "-Onone";
			};
			name = Debug;
		};
		A686080719EEC1E1005E858A /* Release */ = {
			isa = XCBuildConfiguration;
			buildSettings = {
				ALWAYS_SEARCH_USER_PATHS = NO;
				CLANG_CXX_LANGUAGE_STANDARD = "gnu++0x";
				CLANG_CXX_LIBRARY = "libc++";
				CLANG_ENABLE_MODULES = YES;
				CLANG_ENABLE_OBJC_ARC = YES;
				CLANG_WARN_BOOL_CONVERSION = YES;
				CLANG_WARN_CONSTANT_CONVERSION = YES;
				CLANG_WARN_DIRECT_OBJC_ISA_USAGE = YES_ERROR;
				CLANG_WARN_EMPTY_BODY = YES;
				CLANG_WARN_ENUM_CONVERSION = YES;
				CLANG_WARN_INT_CONVERSION = YES;
				CLANG_WARN_OBJC_ROOT_CLASS = YES_ERROR;
				CLANG_WARN_UNREACHABLE_CODE = YES;
				CLANG_WARN__DUPLICATE_METHOD_MATCH = YES;
				CODE_SIGN_IDENTITY = "-";
				COPY_PHASE_STRIP = YES;
				DEBUG_INFORMATION_FORMAT = "dwarf-with-dsym";
				ENABLE_NS_ASSERTIONS = NO;
				ENABLE_STRICT_OBJC_MSGSEND = YES;
				GCC_C_LANGUAGE_STANDARD = gnu99;
				GCC_WARN_64_TO_32_BIT_CONVERSION = YES;
				GCC_WARN_ABOUT_RETURN_TYPE = YES_ERROR;
				GCC_WARN_UNDECLARED_SELECTOR = YES;
				GCC_WARN_UNINITIALIZED_AUTOS = YES_AGGRESSIVE;
				GCC_WARN_UNUSED_FUNCTION = YES;
				GCC_WARN_UNUSED_VARIABLE = YES;
				MACOSX_DEPLOYMENT_TARGET = 10.9;
				MTL_ENABLE_DEBUG_INFO = NO;
				SDKROOT = macosx;
			};
			name = Release;
		};
		A686080919EEC1E1005E858A /* Debug */ = {
			isa = XCBuildConfiguration;
			buildSettings = {
				ASSETCATALOG_COMPILER_APPICON_NAME = AppIcon;
				CLANG_ENABLE_MODULES = YES;
				COMBINE_HIDPI_IMAGES = YES;
				INFOPLIST_FILE = MINT/Info.plist;
				LD_RUNPATH_SEARCH_PATHS = "$(inherited) @executable_path/../Frameworks";
				PRODUCT_NAME = "$(TARGET_NAME)";
				SWIFT_OBJC_BRIDGING_HEADER = "MINT/MINT-Bridging-Header.h";
				SWIFT_OPTIMIZATION_LEVEL = "-Onone";
			};
			name = Debug;
		};
		A686080A19EEC1E1005E858A /* Release */ = {
			isa = XCBuildConfiguration;
			buildSettings = {
				ASSETCATALOG_COMPILER_APPICON_NAME = AppIcon;
				CLANG_ENABLE_MODULES = YES;
				COMBINE_HIDPI_IMAGES = YES;
				INFOPLIST_FILE = MINT/Info.plist;
				LD_RUNPATH_SEARCH_PATHS = "$(inherited) @executable_path/../Frameworks";
				PRODUCT_NAME = "$(TARGET_NAME)";
				SWIFT_OBJC_BRIDGING_HEADER = "MINT/MINT-Bridging-Header.h";
			};
			name = Release;
		};
		A686080C19EEC1E1005E858A /* Debug */ = {
			isa = XCBuildConfiguration;
			buildSettings = {
				BUNDLE_LOADER = "$(BUILT_PRODUCTS_DIR)/MINT.app/Contents/MacOS/MINT";
				COMBINE_HIDPI_IMAGES = YES;
				FRAMEWORK_SEARCH_PATHS = (
					"$(DEVELOPER_FRAMEWORKS_DIR)",
					"$(inherited)",
				);
				GCC_PREPROCESSOR_DEFINITIONS = (
					"DEBUG=1",
					"$(inherited)",
				);
				INFOPLIST_FILE = MINTTests/Info.plist;
				LD_RUNPATH_SEARCH_PATHS = "$(inherited) @executable_path/../Frameworks @loader_path/../Frameworks";
				PRODUCT_NAME = "$(TARGET_NAME)";
				TEST_HOST = "$(BUNDLE_LOADER)";
			};
			name = Debug;
		};
		A686080D19EEC1E1005E858A /* Release */ = {
			isa = XCBuildConfiguration;
			buildSettings = {
				BUNDLE_LOADER = "$(BUILT_PRODUCTS_DIR)/MINT.app/Contents/MacOS/MINT";
				COMBINE_HIDPI_IMAGES = YES;
				FRAMEWORK_SEARCH_PATHS = (
					"$(DEVELOPER_FRAMEWORKS_DIR)",
					"$(inherited)",
				);
				INFOPLIST_FILE = MINTTests/Info.plist;
				LD_RUNPATH_SEARCH_PATHS = "$(inherited) @executable_path/../Frameworks @loader_path/../Frameworks";
				PRODUCT_NAME = "$(TARGET_NAME)";
				TEST_HOST = "$(BUNDLE_LOADER)";
			};
			name = Release;
		};
/* End XCBuildConfiguration section */

/* Begin XCConfigurationList section */
		A68607E719EEC1E0005E858A /* Build configuration list for PBXProject "MINT" */ = {
			isa = XCConfigurationList;
			buildConfigurations = (
				A686080619EEC1E1005E858A /* Debug */,
				A686080719EEC1E1005E858A /* Release */,
			);
			defaultConfigurationIsVisible = 0;
			defaultConfigurationName = Release;
		};
		A686080819EEC1E1005E858A /* Build configuration list for PBXNativeTarget "MINT" */ = {
			isa = XCConfigurationList;
			buildConfigurations = (
				A686080919EEC1E1005E858A /* Debug */,
				A686080A19EEC1E1005E858A /* Release */,
			);
			defaultConfigurationIsVisible = 0;
			defaultConfigurationName = Release;
		};
		A686080B19EEC1E1005E858A /* Build configuration list for PBXNativeTarget "MINTTests" */ = {
			isa = XCConfigurationList;
			buildConfigurations = (
				A686080C19EEC1E1005E858A /* Debug */,
				A686080D19EEC1E1005E858A /* Release */,
			);
			defaultConfigurationIsVisible = 0;
			defaultConfigurationName = Release;
		};
/* End XCConfigurationList section */
	};
	rootObject = A68607E419EEC1E0005E858A /* Project object */;
}
