// !$*UTF8*$!
{
	archiveVersion = 1;
	classes = {
	};
	objectVersion = 46;
	objects = {

/* Begin PBXBuildFile section */
		A643B9491AD1EED200990E42 /* MintLeafConstants.swift in Sources */ = {isa = PBXBuildFile; fileRef = A643B9481AD1EED200990E42 /* MintLeafConstants.swift */; };
		A643B94B1AD1F69B00990E42 /* Control.toolset in Resources */ = {isa = PBXBuildFile; fileRef = A643B94A1AD1F69B00990E42 /* Control.toolset */; };
		A64660A31A234F0000648FD9 /* bridge.m in Sources */ = {isa = PBXBuildFile; fileRef = A64660A21A234F0000648FD9 /* bridge.m */; };
		A64660A81A27771400648FD9 /* OpenJsCADBlackShader.fs in Resources */ = {isa = PBXBuildFile; fileRef = A64660A41A27771400648FD9 /* OpenJsCADBlackShader.fs */; };
		A64660A91A27771400648FD9 /* OpenJsCADBlackShader.vs in Resources */ = {isa = PBXBuildFile; fileRef = A64660A51A27771400648FD9 /* OpenJsCADBlackShader.vs */; };
		A64660B01A2B3A7D00648FD9 /* Shader.swift in Sources */ = {isa = PBXBuildFile; fileRef = A64660AF1A2B3A7D00648FD9 /* Shader.swift */; };
		A64660B31A2CC77600648FD9 /* OpenJsCADLightingShader.fs in Resources */ = {isa = PBXBuildFile; fileRef = A64660B11A2CC77600648FD9 /* OpenJsCADLightingShader.fs */; };
		A64660B41A2CC77600648FD9 /* OpenJsCADLightingShader.vs in Resources */ = {isa = PBXBuildFile; fileRef = A64660B21A2CC77600648FD9 /* OpenJsCADLightingShader.vs */; };
		A64779E51BB2A30400A36E66 /* MintLeafPanelController.swift in Sources */ = {isa = PBXBuildFile; fileRef = A64779E41BB2A30400A36E66 /* MintLeafPanelController.swift */; settings = {ASSET_TAGS = (); }; };
		A6490AEE1B1081BE001B5A5C /* arg.tiff in Resources */ = {isa = PBXBuildFile; fileRef = A6490AEC1B1081BE001B5A5C /* arg.tiff */; };
		A6490AEF1B1081BE001B5A5C /* ret.tiff in Resources */ = {isa = PBXBuildFile; fileRef = A6490AED1B1081BE001B5A5C /* ret.tiff */; };
		A64CE24C1BA4B432004F20E8 /* Interpreter.swift in Sources */ = {isa = PBXBuildFile; fileRef = A64CE23E1BA4B432004F20E8 /* Interpreter.swift */; };
		A64CE24D1BA4B432004F20E8 /* Interpreter.swift in Sources */ = {isa = PBXBuildFile; fileRef = A64CE23E1BA4B432004F20E8 /* Interpreter.swift */; };
		A64CE24E1BA4B432004F20E8 /* mint_CSG.swift in Sources */ = {isa = PBXBuildFile; fileRef = A64CE23F1BA4B432004F20E8 /* mint_CSG.swift */; };
		A64CE24F1BA4B432004F20E8 /* mint_CSG.swift in Sources */ = {isa = PBXBuildFile; fileRef = A64CE23F1BA4B432004F20E8 /* mint_CSG.swift */; };
		A64CE2501BA4B432004F20E8 /* mint_foundation.swift in Sources */ = {isa = PBXBuildFile; fileRef = A64CE2401BA4B432004F20E8 /* mint_foundation.swift */; };
		A64CE2511BA4B432004F20E8 /* mint_foundation.swift in Sources */ = {isa = PBXBuildFile; fileRef = A64CE2401BA4B432004F20E8 /* mint_foundation.swift */; };
		A64CE2521BA4B432004F20E8 /* mint_matrix4x4.swift in Sources */ = {isa = PBXBuildFile; fileRef = A64CE2411BA4B432004F20E8 /* mint_matrix4x4.swift */; };
		A64CE2531BA4B432004F20E8 /* mint_matrix4x4.swift in Sources */ = {isa = PBXBuildFile; fileRef = A64CE2411BA4B432004F20E8 /* mint_matrix4x4.swift */; };
		A64CE2541BA4B432004F20E8 /* mintlisp_3d_IO.swift in Sources */ = {isa = PBXBuildFile; fileRef = A64CE2421BA4B432004F20E8 /* mintlisp_3d_IO.swift */; };
		A64CE2551BA4B432004F20E8 /* mintlisp_3d_IO.swift in Sources */ = {isa = PBXBuildFile; fileRef = A64CE2421BA4B432004F20E8 /* mintlisp_3d_IO.swift */; };
		A64CE2561BA4B432004F20E8 /* mintlisp_3d_objprocs.swift in Sources */ = {isa = PBXBuildFile; fileRef = A64CE2431BA4B432004F20E8 /* mintlisp_3d_objprocs.swift */; };
		A64CE2571BA4B432004F20E8 /* mintlisp_3d_objprocs.swift in Sources */ = {isa = PBXBuildFile; fileRef = A64CE2431BA4B432004F20E8 /* mintlisp_3d_objprocs.swift */; };
		A64CE2581BA4B432004F20E8 /* mintlisp_3d_primitives.swift in Sources */ = {isa = PBXBuildFile; fileRef = A64CE2441BA4B432004F20E8 /* mintlisp_3d_primitives.swift */; };
		A64CE2591BA4B432004F20E8 /* mintlisp_3d_primitives.swift in Sources */ = {isa = PBXBuildFile; fileRef = A64CE2441BA4B432004F20E8 /* mintlisp_3d_primitives.swift */; };
		A64CE25A1BA4B432004F20E8 /* mintlisp_env.swift in Sources */ = {isa = PBXBuildFile; fileRef = A64CE2451BA4B432004F20E8 /* mintlisp_env.swift */; };
		A64CE25B1BA4B432004F20E8 /* mintlisp_env.swift in Sources */ = {isa = PBXBuildFile; fileRef = A64CE2451BA4B432004F20E8 /* mintlisp_env.swift */; };
		A64CE25C1BA4B432004F20E8 /* mintlisp_evaluator.swift in Sources */ = {isa = PBXBuildFile; fileRef = A64CE2461BA4B432004F20E8 /* mintlisp_evaluator.swift */; };
		A64CE25D1BA4B432004F20E8 /* mintlisp_evaluator.swift in Sources */ = {isa = PBXBuildFile; fileRef = A64CE2461BA4B432004F20E8 /* mintlisp_evaluator.swift */; };
		A64CE25E1BA4B432004F20E8 /* mintlisp_lispobj.swift in Sources */ = {isa = PBXBuildFile; fileRef = A64CE2471BA4B432004F20E8 /* mintlisp_lispobj.swift */; };
		A64CE25F1BA4B432004F20E8 /* mintlisp_lispobj.swift in Sources */ = {isa = PBXBuildFile; fileRef = A64CE2471BA4B432004F20E8 /* mintlisp_lispobj.swift */; };
		A64CE2601BA4B432004F20E8 /* mintlisp_listops.swift in Sources */ = {isa = PBXBuildFile; fileRef = A64CE2481BA4B432004F20E8 /* mintlisp_listops.swift */; };
		A64CE2611BA4B432004F20E8 /* mintlisp_listops.swift in Sources */ = {isa = PBXBuildFile; fileRef = A64CE2481BA4B432004F20E8 /* mintlisp_listops.swift */; };
		A64CE2621BA4B432004F20E8 /* mintlisp_parser.swift in Sources */ = {isa = PBXBuildFile; fileRef = A64CE2491BA4B432004F20E8 /* mintlisp_parser.swift */; };
		A64CE2631BA4B432004F20E8 /* mintlisp_parser.swift in Sources */ = {isa = PBXBuildFile; fileRef = A64CE2491BA4B432004F20E8 /* mintlisp_parser.swift */; };
		A64CE2641BA4B432004F20E8 /* mintlisp_primitive.swift in Sources */ = {isa = PBXBuildFile; fileRef = A64CE24A1BA4B432004F20E8 /* mintlisp_primitive.swift */; };
		A64CE2651BA4B432004F20E8 /* mintlisp_primitive.swift in Sources */ = {isa = PBXBuildFile; fileRef = A64CE24A1BA4B432004F20E8 /* mintlisp_primitive.swift */; };
		A64CE2661BA4B432004F20E8 /* mintlisp_util.swift in Sources */ = {isa = PBXBuildFile; fileRef = A64CE24B1BA4B432004F20E8 /* mintlisp_util.swift */; };
		A64CE2671BA4B432004F20E8 /* mintlisp_util.swift in Sources */ = {isa = PBXBuildFile; fileRef = A64CE24B1BA4B432004F20E8 /* mintlisp_util.swift */; };
		A64DDC651AC0254000E9F9B7 /* Cube.tiff in Resources */ = {isa = PBXBuildFile; fileRef = A64DDC641AC0254000E9F9B7 /* Cube.tiff */; };
		A64DDC6A1AC309EE00E9F9B7 /* 3D Primitives.toolset in Resources */ = {isa = PBXBuildFile; fileRef = A64DDC691AC309EE00E9F9B7 /* 3D Primitives.toolset */; };
		A654BE571AF4742500C1CA16 /* spectestsample.swift in Sources */ = {isa = PBXBuildFile; fileRef = A654BE561AF4742500C1CA16 /* spectestsample.swift */; };
		A6616AE31AE3B8100048EA2D /* LeafView.swift in Sources */ = {isa = PBXBuildFile; fileRef = A6616AE21AE3B8100048EA2D /* LeafView.swift */; };
		A6616AE51AE3B8560048EA2D /* ArgumentCellViews.swift in Sources */ = {isa = PBXBuildFile; fileRef = A6616AE41AE3B8560048EA2D /* ArgumentCellViews.swift */; };
		A6616AE71AE3BBE90048EA2D /* MintLeafViewController.swift in Sources */ = {isa = PBXBuildFile; fileRef = A6616AE61AE3BBE90048EA2D /* MintLeafViewController.swift */; };
		A66425891B0832BD00A6D0F0 /* MintMatrix4x4UnitTest.swift in Sources */ = {isa = PBXBuildFile; fileRef = A66425881B0832BD00A6D0F0 /* MintMatrix4x4UnitTest.swift */; };
		A685F8D81AC7C95A005123D5 /* MintWorkspaceControllers.swift in Sources */ = {isa = PBXBuildFile; fileRef = A685F8D71AC7C95A005123D5 /* MintWorkspaceControllers.swift */; };
		A68607F219EEC1E1005E858A /* main.swift in Sources */ = {isa = PBXBuildFile; fileRef = A68607F119EEC1E1005E858A /* main.swift */; };
		A68607F419EEC1E1005E858A /* AppDelegate.swift in Sources */ = {isa = PBXBuildFile; fileRef = A68607F319EEC1E1005E858A /* AppDelegate.swift */; };
		A68607F619EEC1E1005E858A /* Images.xcassets in Resources */ = {isa = PBXBuildFile; fileRef = A68607F519EEC1E1005E858A /* Images.xcassets */; };
		A68607F919EEC1E1005E858A /* MainMenu.xib in Resources */ = {isa = PBXBuildFile; fileRef = A68607F719EEC1E1005E858A /* MainMenu.xib */; };
		A686080519EEC1E1005E858A /* MINTTests.swift in Sources */ = {isa = PBXBuildFile; fileRef = A686080419EEC1E1005E858A /* MINTTests.swift */; };
		A686080F19EEC202005E858A /* OpenGL.framework in Frameworks */ = {isa = PBXBuildFile; fileRef = A686080E19EEC202005E858A /* OpenGL.framework */; };
		A686081119EEC93B005E858A /* ModelView.swift in Sources */ = {isa = PBXBuildFile; fileRef = A686081019EEC93B005E858A /* ModelView.swift */; };
		A688D9291AEC527300E14D3C /* MintLeafOperators.swift in Sources */ = {isa = PBXBuildFile; fileRef = A688D9281AEC527300E14D3C /* MintLeafOperators.swift */; };
		A688D92B1AED534300E14D3C /* Operator.toolset in Resources */ = {isa = PBXBuildFile; fileRef = A688D92A1AED534300E14D3C /* Operator.toolset */; };
		A688DC4F1AF470D400E14D3C /* Nimble.framework in Frameworks */ = {isa = PBXBuildFile; fileRef = A688DC4C1AF4704200E14D3C /* Nimble.framework */; };
		A688DC501AF470D400E14D3C /* Quick.framework in Frameworks */ = {isa = PBXBuildFile; fileRef = A688DC351AF4703300E14D3C /* Quick.framework */; };
		A6A0DEEF1AACAC3600B8D194 /* MintException.swift in Sources */ = {isa = PBXBuildFile; fileRef = A6A0DEEE1AACAC3600B8D194 /* MintException.swift */; };
		A6A6D1311AF4761E007D9717 /* MintLeaf.swift in Sources */ = {isa = PBXBuildFile; fileRef = A6E1F5E11AABDDD700CE9EA3 /* MintLeaf.swift */; };
		A6A6D1451AF47708007D9717 /* MintException.swift in Sources */ = {isa = PBXBuildFile; fileRef = A6A0DEEE1AACAC3600B8D194 /* MintException.swift */; };
		A6A6D1621AF7B8A8007D9717 /* MintCSGUnitTest.swift in Sources */ = {isa = PBXBuildFile; fileRef = A6A6D1611AF7B8A8007D9717 /* MintCSGUnitTest.swift */; };
		A6A6D1641AF7D9A9007D9717 /* MintFoundationUnitTest.swift in Sources */ = {isa = PBXBuildFile; fileRef = A6A6D1631AF7D9A9007D9717 /* MintFoundationUnitTest.swift */; };
		A6AACFE51A9999EF00BE0724 /* MintSingletons.swift in Sources */ = {isa = PBXBuildFile; fileRef = A6AACFE41A9999EF00BE0724 /* MintSingletons.swift */; };
		A6AACFE71A99DBC500BE0724 /* MintProtocols.swift in Sources */ = {isa = PBXBuildFile; fileRef = A6AACFE61A99DBC500BE0724 /* MintProtocols.swift */; };
		A6B8B4451AB54F2E00235759 /* MintControllers.swift in Sources */ = {isa = PBXBuildFile; fileRef = A6B8B4441AB54F2E00235759 /* MintControllers.swift */; };
		A6B8B4471AB5C58300235759 /* Mint.swift in Sources */ = {isa = PBXBuildFile; fileRef = A6B8B4461AB5C58300235759 /* Mint.swift */; };
		A6B8B4491AB7207300235759 /* WorkspaceView.swift in Sources */ = {isa = PBXBuildFile; fileRef = A6B8B4481AB7207300235759 /* WorkspaceView.swift */; };
		A6B8B44B1AB9D5E400235759 /* MintCommands.swift in Sources */ = {isa = PBXBuildFile; fileRef = A6B8B44A1AB9D5E400235759 /* MintCommands.swift */; };
		A6CA06761AC5B8DA00AB2135 /* LeafView.xib in Resources */ = {isa = PBXBuildFile; fileRef = A6CA06751AC5B8DA00AB2135 /* LeafView.xib */; };
		A6E1F5E21AABDDD700CE9EA3 /* MintLeaf.swift in Sources */ = {isa = PBXBuildFile; fileRef = A6E1F5E11AABDDD700CE9EA3 /* MintLeaf.swift */; };
		A6E1F5E41AAC9EA000CE9EA3 /* MintLeafPrimitives.swift in Sources */ = {isa = PBXBuildFile; fileRef = A6E1F5E31AAC9EA000CE9EA3 /* MintLeafPrimitives.swift */; };
/* End PBXBuildFile section */

/* Begin PBXContainerItemProxy section */
		A68607FF19EEC1E1005E858A /* PBXContainerItemProxy */ = {
			isa = PBXContainerItemProxy;
			containerPortal = A68607E419EEC1E0005E858A /* Project object */;
			proxyType = 1;
			remoteGlobalIDString = A68607EB19EEC1E1005E858A;
			remoteInfo = MINT;
		};
		A688DC341AF4703300E14D3C /* PBXContainerItemProxy */ = {
			isa = PBXContainerItemProxy;
			containerPortal = A688DC2B1AF4703300E14D3C /* Quick.xcodeproj */;
			proxyType = 2;
			remoteGlobalIDString = DAEB6B8E1943873100289F44;
			remoteInfo = "Quick-OSX";
		};
		A688DC361AF4703300E14D3C /* PBXContainerItemProxy */ = {
			isa = PBXContainerItemProxy;
			containerPortal = A688DC2B1AF4703300E14D3C /* Quick.xcodeproj */;
			proxyType = 2;
			remoteGlobalIDString = DAEB6B991943873100289F44;
			remoteInfo = "Quick-OSXTests";
		};
		A688DC381AF4703300E14D3C /* PBXContainerItemProxy */ = {
			isa = PBXContainerItemProxy;
			containerPortal = A688DC2B1AF4703300E14D3C /* Quick.xcodeproj */;
			proxyType = 2;
			remoteGlobalIDString = DA5663E81A4C8D8500193C88;
			remoteInfo = "QuickFocused-OSXTests";
		};
		A688DC3A1AF4703300E14D3C /* PBXContainerItemProxy */ = {
			isa = PBXContainerItemProxy;
			containerPortal = A688DC2B1AF4703300E14D3C /* Quick.xcodeproj */;
			proxyType = 2;
			remoteGlobalIDString = 5A5D117C19473F2100F6D13D;
			remoteInfo = "Quick-iOS";
		};
		A688DC3C1AF4703300E14D3C /* PBXContainerItemProxy */ = {
			isa = PBXContainerItemProxy;
			containerPortal = A688DC2B1AF4703300E14D3C /* Quick.xcodeproj */;
			proxyType = 2;
			remoteGlobalIDString = 5A5D118619473F2100F6D13D;
			remoteInfo = "Quick-iOSTests";
		};
		A688DC3E1AF4703300E14D3C /* PBXContainerItemProxy */ = {
			isa = PBXContainerItemProxy;
			containerPortal = A688DC2B1AF4703300E14D3C /* Quick.xcodeproj */;
			proxyType = 2;
			remoteGlobalIDString = DA9876B21A4C70EB0004AA17;
			remoteInfo = "QuickFocused-iOSTests";
		};
		A688DC471AF4704200E14D3C /* PBXContainerItemProxy */ = {
			isa = PBXContainerItemProxy;
			containerPortal = A688DC401AF4704200E14D3C /* Nimble.xcodeproj */;
			proxyType = 2;
			remoteGlobalIDString = 1F1A74291940169200FFFC47;
			remoteInfo = "Nimble-iOS";
		};
		A688DC491AF4704200E14D3C /* PBXContainerItemProxy */ = {
			isa = PBXContainerItemProxy;
			containerPortal = A688DC401AF4704200E14D3C /* Nimble.xcodeproj */;
			proxyType = 2;
			remoteGlobalIDString = 1F1A74341940169200FFFC47;
			remoteInfo = "Nimble-iOSTests";
		};
		A688DC4B1AF4704200E14D3C /* PBXContainerItemProxy */ = {
			isa = PBXContainerItemProxy;
			containerPortal = A688DC401AF4704200E14D3C /* Nimble.xcodeproj */;
			proxyType = 2;
			remoteGlobalIDString = 1F925EAD195C0D6300ED456B;
			remoteInfo = "Nimble-OSX";
		};
		A688DC4D1AF4704200E14D3C /* PBXContainerItemProxy */ = {
			isa = PBXContainerItemProxy;
			containerPortal = A688DC401AF4704200E14D3C /* Nimble.xcodeproj */;
			proxyType = 2;
			remoteGlobalIDString = 1F925EB7195C0D6300ED456B;
			remoteInfo = "Nimble-OSXTests";
		};
/* End PBXContainerItemProxy section */

/* Begin PBXFileReference section */
		A643B9481AD1EED200990E42 /* MintLeafConstants.swift */ = {isa = PBXFileReference; fileEncoding = 4; lastKnownFileType = sourcecode.swift; path = MintLeafConstants.swift; sourceTree = "<group>"; };
		A643B94A1AD1F69B00990E42 /* Control.toolset */ = {isa = PBXFileReference; fileEncoding = 4; lastKnownFileType = text; path = Control.toolset; sourceTree = SOURCE_ROOT; };
		A64660A11A234F0000648FD9 /* MINT-Bridging-Header.h */ = {isa = PBXFileReference; lastKnownFileType = sourcecode.c.h; path = "MINT-Bridging-Header.h"; sourceTree = "<group>"; };
		A64660A21A234F0000648FD9 /* bridge.m */ = {isa = PBXFileReference; fileEncoding = 4; lastKnownFileType = sourcecode.c.objc; path = bridge.m; sourceTree = "<group>"; };
		A64660A41A27771400648FD9 /* OpenJsCADBlackShader.fs */ = {isa = PBXFileReference; lastKnownFileType = sourcecode.glsl; name = OpenJsCADBlackShader.fs; path = MINT/OpenJsCADBlackShader.fs; sourceTree = "<group>"; };
		A64660A51A27771400648FD9 /* OpenJsCADBlackShader.vs */ = {isa = PBXFileReference; lastKnownFileType = sourcecode.glsl; name = OpenJsCADBlackShader.vs; path = MINT/OpenJsCADBlackShader.vs; sourceTree = "<group>"; };
		A64660AF1A2B3A7D00648FD9 /* Shader.swift */ = {isa = PBXFileReference; fileEncoding = 4; lastKnownFileType = sourcecode.swift; path = Shader.swift; sourceTree = "<group>"; };
		A64660B11A2CC77600648FD9 /* OpenJsCADLightingShader.fs */ = {isa = PBXFileReference; lastKnownFileType = sourcecode.glsl; name = OpenJsCADLightingShader.fs; path = MINT/OpenJsCADLightingShader.fs; sourceTree = "<group>"; };
		A64660B21A2CC77600648FD9 /* OpenJsCADLightingShader.vs */ = {isa = PBXFileReference; lastKnownFileType = sourcecode.glsl; name = OpenJsCADLightingShader.vs; path = MINT/OpenJsCADLightingShader.vs; sourceTree = "<group>"; };
		A64779E41BB2A30400A36E66 /* MintLeafPanelController.swift */ = {isa = PBXFileReference; fileEncoding = 4; lastKnownFileType = sourcecode.swift; path = MintLeafPanelController.swift; sourceTree = "<group>"; };
		A6490AEC1B1081BE001B5A5C /* arg.tiff */ = {isa = PBXFileReference; lastKnownFileType = image.tiff; name = arg.tiff; path = Graphics/arg.tiff; sourceTree = SOURCE_ROOT; };
		A6490AED1B1081BE001B5A5C /* ret.tiff */ = {isa = PBXFileReference; lastKnownFileType = image.tiff; name = ret.tiff; path = Graphics/ret.tiff; sourceTree = SOURCE_ROOT; };
		A64CE23E1BA4B432004F20E8 /* Interpreter.swift */ = {isa = PBXFileReference; fileEncoding = 4; lastKnownFileType = sourcecode.swift; name = Interpreter.swift; path = "../../mint-lisp/mint-lisp/Interpreter.swift"; sourceTree = "<group>"; };
		A64CE23F1BA4B432004F20E8 /* mint_CSG.swift */ = {isa = PBXFileReference; fileEncoding = 4; lastKnownFileType = sourcecode.swift; name = mint_CSG.swift; path = "../../mint-lisp/mint-lisp/mint_CSG.swift"; sourceTree = "<group>"; };
		A64CE2401BA4B432004F20E8 /* mint_foundation.swift */ = {isa = PBXFileReference; fileEncoding = 4; lastKnownFileType = sourcecode.swift; name = mint_foundation.swift; path = "../../mint-lisp/mint-lisp/mint_foundation.swift"; sourceTree = "<group>"; };
		A64CE2411BA4B432004F20E8 /* mint_matrix4x4.swift */ = {isa = PBXFileReference; fileEncoding = 4; lastKnownFileType = sourcecode.swift; name = mint_matrix4x4.swift; path = "../../mint-lisp/mint-lisp/mint_matrix4x4.swift"; sourceTree = "<group>"; };
		A64CE2421BA4B432004F20E8 /* mintlisp_3d_IO.swift */ = {isa = PBXFileReference; fileEncoding = 4; lastKnownFileType = sourcecode.swift; name = mintlisp_3d_IO.swift; path = "../../mint-lisp/mint-lisp/mintlisp_3d_IO.swift"; sourceTree = "<group>"; };
		A64CE2431BA4B432004F20E8 /* mintlisp_3d_objprocs.swift */ = {isa = PBXFileReference; fileEncoding = 4; lastKnownFileType = sourcecode.swift; name = mintlisp_3d_objprocs.swift; path = "../../mint-lisp/mint-lisp/mintlisp_3d_objprocs.swift"; sourceTree = "<group>"; };
		A64CE2441BA4B432004F20E8 /* mintlisp_3d_primitives.swift */ = {isa = PBXFileReference; fileEncoding = 4; lastKnownFileType = sourcecode.swift; name = mintlisp_3d_primitives.swift; path = "../../mint-lisp/mint-lisp/mintlisp_3d_primitives.swift"; sourceTree = "<group>"; };
		A64CE2451BA4B432004F20E8 /* mintlisp_env.swift */ = {isa = PBXFileReference; fileEncoding = 4; lastKnownFileType = sourcecode.swift; name = mintlisp_env.swift; path = "../../mint-lisp/mint-lisp/mintlisp_env.swift"; sourceTree = "<group>"; };
		A64CE2461BA4B432004F20E8 /* mintlisp_evaluator.swift */ = {isa = PBXFileReference; fileEncoding = 4; lastKnownFileType = sourcecode.swift; name = mintlisp_evaluator.swift; path = "../../mint-lisp/mint-lisp/mintlisp_evaluator.swift"; sourceTree = "<group>"; };
		A64CE2471BA4B432004F20E8 /* mintlisp_lispobj.swift */ = {isa = PBXFileReference; fileEncoding = 4; lastKnownFileType = sourcecode.swift; name = mintlisp_lispobj.swift; path = "../../mint-lisp/mint-lisp/mintlisp_lispobj.swift"; sourceTree = "<group>"; };
		A64CE2481BA4B432004F20E8 /* mintlisp_listops.swift */ = {isa = PBXFileReference; fileEncoding = 4; lastKnownFileType = sourcecode.swift; name = mintlisp_listops.swift; path = "../../mint-lisp/mint-lisp/mintlisp_listops.swift"; sourceTree = "<group>"; };
		A64CE2491BA4B432004F20E8 /* mintlisp_parser.swift */ = {isa = PBXFileReference; fileEncoding = 4; lastKnownFileType = sourcecode.swift; name = mintlisp_parser.swift; path = "../../mint-lisp/mint-lisp/mintlisp_parser.swift"; sourceTree = "<group>"; };
		A64CE24A1BA4B432004F20E8 /* mintlisp_primitive.swift */ = {isa = PBXFileReference; fileEncoding = 4; lastKnownFileType = sourcecode.swift; name = mintlisp_primitive.swift; path = "../../mint-lisp/mint-lisp/mintlisp_primitive.swift"; sourceTree = "<group>"; };
		A64CE24B1BA4B432004F20E8 /* mintlisp_util.swift */ = {isa = PBXFileReference; fileEncoding = 4; lastKnownFileType = sourcecode.swift; name = mintlisp_util.swift; path = "../../mint-lisp/mint-lisp/mintlisp_util.swift"; sourceTree = "<group>"; };
		A64DDC641AC0254000E9F9B7 /* Cube.tiff */ = {isa = PBXFileReference; lastKnownFileType = image.tiff; name = Cube.tiff; path = Graphics/Cube.tiff; sourceTree = SOURCE_ROOT; };
		A64DDC691AC309EE00E9F9B7 /* 3D Primitives.toolset */ = {isa = PBXFileReference; fileEncoding = 4; lastKnownFileType = text; path = "3D Primitives.toolset"; sourceTree = SOURCE_ROOT; };
		A654BE561AF4742500C1CA16 /* spectestsample.swift */ = {isa = PBXFileReference; fileEncoding = 4; lastKnownFileType = sourcecode.swift; path = spectestsample.swift; sourceTree = "<group>"; };
		A6616AE21AE3B8100048EA2D /* LeafView.swift */ = {isa = PBXFileReference; fileEncoding = 4; lastKnownFileType = sourcecode.swift; path = LeafView.swift; sourceTree = "<group>"; };
		A6616AE41AE3B8560048EA2D /* ArgumentCellViews.swift */ = {isa = PBXFileReference; fileEncoding = 4; lastKnownFileType = sourcecode.swift; path = ArgumentCellViews.swift; sourceTree = "<group>"; };
		A6616AE61AE3BBE90048EA2D /* MintLeafViewController.swift */ = {isa = PBXFileReference; fileEncoding = 4; lastKnownFileType = sourcecode.swift; path = MintLeafViewController.swift; sourceTree = "<group>"; };
		A66425881B0832BD00A6D0F0 /* MintMatrix4x4UnitTest.swift */ = {isa = PBXFileReference; fileEncoding = 4; lastKnownFileType = sourcecode.swift; path = MintMatrix4x4UnitTest.swift; sourceTree = "<group>"; };
		A685F8D71AC7C95A005123D5 /* MintWorkspaceControllers.swift */ = {isa = PBXFileReference; fileEncoding = 4; lastKnownFileType = sourcecode.swift; path = MintWorkspaceControllers.swift; sourceTree = "<group>"; };
		A68607EC19EEC1E1005E858A /* mint.temp_caseinsensitive_rename.app */ = {isa = PBXFileReference; explicitFileType = wrapper.application; includeInIndex = 0; path = mint.temp_caseinsensitive_rename.app; sourceTree = BUILT_PRODUCTS_DIR; };
		A68607F019EEC1E1005E858A /* Info.plist */ = {isa = PBXFileReference; lastKnownFileType = text.plist.xml; path = Info.plist; sourceTree = "<group>"; };
		A68607F119EEC1E1005E858A /* main.swift */ = {isa = PBXFileReference; lastKnownFileType = sourcecode.swift; path = main.swift; sourceTree = "<group>"; };
		A68607F319EEC1E1005E858A /* AppDelegate.swift */ = {isa = PBXFileReference; lastKnownFileType = sourcecode.swift; path = AppDelegate.swift; sourceTree = "<group>"; };
		A68607F519EEC1E1005E858A /* Images.xcassets */ = {isa = PBXFileReference; lastKnownFileType = folder.assetcatalog; path = Images.xcassets; sourceTree = "<group>"; };
		A68607F819EEC1E1005E858A /* Base */ = {isa = PBXFileReference; lastKnownFileType = file.xib; name = Base; path = Base.lproj/MainMenu.xib; sourceTree = "<group>"; };
		A68607FE19EEC1E1005E858A /* mint.temp_caseinsensitive_renameTests.xctest */ = {isa = PBXFileReference; explicitFileType = wrapper.cfbundle; includeInIndex = 0; path = mint.temp_caseinsensitive_renameTests.xctest; sourceTree = BUILT_PRODUCTS_DIR; };
		A686080319EEC1E1005E858A /* Info.plist */ = {isa = PBXFileReference; lastKnownFileType = text.plist.xml; path = Info.plist; sourceTree = "<group>"; };
		A686080419EEC1E1005E858A /* MINTTests.swift */ = {isa = PBXFileReference; lastKnownFileType = sourcecode.swift; path = MINTTests.swift; sourceTree = "<group>"; };
		A686080E19EEC202005E858A /* OpenGL.framework */ = {isa = PBXFileReference; lastKnownFileType = wrapper.framework; name = OpenGL.framework; path = System/Library/Frameworks/OpenGL.framework; sourceTree = SDKROOT; };
		A686081019EEC93B005E858A /* ModelView.swift */ = {isa = PBXFileReference; fileEncoding = 4; lastKnownFileType = sourcecode.swift; path = ModelView.swift; sourceTree = "<group>"; };
		A686081219F01791005E858A /* mint.playground */ = {isa = PBXFileReference; lastKnownFileType = file.playground; path = mint.playground; sourceTree = "<group>"; };
		A688D9281AEC527300E14D3C /* MintLeafOperators.swift */ = {isa = PBXFileReference; fileEncoding = 4; lastKnownFileType = sourcecode.swift; path = MintLeafOperators.swift; sourceTree = "<group>"; };
		A688D92A1AED534300E14D3C /* Operator.toolset */ = {isa = PBXFileReference; fileEncoding = 4; lastKnownFileType = text; path = Operator.toolset; sourceTree = SOURCE_ROOT; };
		A688DC2B1AF4703300E14D3C /* Quick.xcodeproj */ = {isa = PBXFileReference; lastKnownFileType = "wrapper.pb-project"; name = Quick.xcodeproj; path = Vendor/Quick/Quick.xcodeproj; sourceTree = "<group>"; };
		A688DC401AF4704200E14D3C /* Nimble.xcodeproj */ = {isa = PBXFileReference; lastKnownFileType = "wrapper.pb-project"; name = Nimble.xcodeproj; path = Vendor/Nimbie/Nimble.xcodeproj; sourceTree = "<group>"; };
		A6A0DEEE1AACAC3600B8D194 /* MintException.swift */ = {isa = PBXFileReference; fileEncoding = 4; lastKnownFileType = sourcecode.swift; path = MintException.swift; sourceTree = "<group>"; };
		A6A6D1611AF7B8A8007D9717 /* MintCSGUnitTest.swift */ = {isa = PBXFileReference; fileEncoding = 4; lastKnownFileType = sourcecode.swift; path = MintCSGUnitTest.swift; sourceTree = "<group>"; };
		A6A6D1631AF7D9A9007D9717 /* MintFoundationUnitTest.swift */ = {isa = PBXFileReference; fileEncoding = 4; lastKnownFileType = sourcecode.swift; path = MintFoundationUnitTest.swift; sourceTree = "<group>"; };
		A6AACFE41A9999EF00BE0724 /* MintSingletons.swift */ = {isa = PBXFileReference; fileEncoding = 4; lastKnownFileType = sourcecode.swift; path = MintSingletons.swift; sourceTree = "<group>"; };
		A6AACFE61A99DBC500BE0724 /* MintProtocols.swift */ = {isa = PBXFileReference; fileEncoding = 4; lastKnownFileType = sourcecode.swift; path = MintProtocols.swift; sourceTree = "<group>"; };
		A6B8B4441AB54F2E00235759 /* MintControllers.swift */ = {isa = PBXFileReference; fileEncoding = 4; lastKnownFileType = sourcecode.swift; path = MintControllers.swift; sourceTree = "<group>"; };
		A6B8B4461AB5C58300235759 /* Mint.swift */ = {isa = PBXFileReference; fileEncoding = 4; lastKnownFileType = sourcecode.swift; path = Mint.swift; sourceTree = "<group>"; };
		A6B8B4481AB7207300235759 /* WorkspaceView.swift */ = {isa = PBXFileReference; fileEncoding = 4; lastKnownFileType = sourcecode.swift; path = WorkspaceView.swift; sourceTree = "<group>"; };
		A6B8B44A1AB9D5E400235759 /* MintCommands.swift */ = {isa = PBXFileReference; fileEncoding = 4; lastKnownFileType = sourcecode.swift; path = MintCommands.swift; sourceTree = "<group>"; };
		A6CA06751AC5B8DA00AB2135 /* LeafView.xib */ = {isa = PBXFileReference; fileEncoding = 4; lastKnownFileType = file.xib; path = LeafView.xib; sourceTree = "<group>"; };
		A6E1F5E11AABDDD700CE9EA3 /* MintLeaf.swift */ = {isa = PBXFileReference; fileEncoding = 4; lastKnownFileType = sourcecode.swift; path = MintLeaf.swift; sourceTree = "<group>"; };
		A6E1F5E31AAC9EA000CE9EA3 /* MintLeafPrimitives.swift */ = {isa = PBXFileReference; fileEncoding = 4; lastKnownFileType = sourcecode.swift; path = MintLeafPrimitives.swift; sourceTree = "<group>"; };
/* End PBXFileReference section */

/* Begin PBXFrameworksBuildPhase section */
		A68607E919EEC1E1005E858A /* Frameworks */ = {
			isa = PBXFrameworksBuildPhase;
			buildActionMask = 2147483647;
			files = (
				A686080F19EEC202005E858A /* OpenGL.framework in Frameworks */,
			);
			runOnlyForDeploymentPostprocessing = 0;
		};
		A68607FB19EEC1E1005E858A /* Frameworks */ = {
			isa = PBXFrameworksBuildPhase;
			buildActionMask = 2147483647;
			files = (
				A688DC4F1AF470D400E14D3C /* Nimble.framework in Frameworks */,
				A688DC501AF470D400E14D3C /* Quick.framework in Frameworks */,
			);
			runOnlyForDeploymentPostprocessing = 0;
		};
/* End PBXFrameworksBuildPhase section */

/* Begin PBXGroup section */
		A64660AC1A27773100648FD9 /* Shader */ = {
			isa = PBXGroup;
			children = (
				A64660B11A2CC77600648FD9 /* OpenJsCADLightingShader.fs */,
				A64660B21A2CC77600648FD9 /* OpenJsCADLightingShader.vs */,
				A64660A41A27771400648FD9 /* OpenJsCADBlackShader.fs */,
				A64660A51A27771400648FD9 /* OpenJsCADBlackShader.vs */,
			);
			name = Shader;
			sourceTree = "<group>";
		};
		A64CE23D1BA4B40F004F20E8 /* mint-lisp */ = {
			isa = PBXGroup;
			children = (
				A64CE23E1BA4B432004F20E8 /* Interpreter.swift */,
				A64CE23F1BA4B432004F20E8 /* mint_CSG.swift */,
				A64CE2401BA4B432004F20E8 /* mint_foundation.swift */,
				A64CE2411BA4B432004F20E8 /* mint_matrix4x4.swift */,
				A64CE2421BA4B432004F20E8 /* mintlisp_3d_IO.swift */,
				A64CE2431BA4B432004F20E8 /* mintlisp_3d_objprocs.swift */,
				A64CE2441BA4B432004F20E8 /* mintlisp_3d_primitives.swift */,
				A64CE2451BA4B432004F20E8 /* mintlisp_env.swift */,
				A64CE2461BA4B432004F20E8 /* mintlisp_evaluator.swift */,
				A64CE2471BA4B432004F20E8 /* mintlisp_lispobj.swift */,
				A64CE2481BA4B432004F20E8 /* mintlisp_listops.swift */,
				A64CE2491BA4B432004F20E8 /* mintlisp_parser.swift */,
				A64CE24A1BA4B432004F20E8 /* mintlisp_primitive.swift */,
				A64CE24B1BA4B432004F20E8 /* mintlisp_util.swift */,
			);
			name = "mint-lisp";
			sourceTree = "<group>";
		};
		A64DDC681AC309BD00E9F9B7 /* ToolSets */ = {
			isa = PBXGroup;
			children = (
				A64DDC691AC309EE00E9F9B7 /* 3D Primitives.toolset */,
				A643B94A1AD1F69B00990E42 /* Control.toolset */,
				A688D92A1AED534300E14D3C /* Operator.toolset */,
			);
			name = ToolSets;
			path = MINT;
			sourceTree = "<group>";
		};
		A685F8D41AC7C4AC005123D5 /* Controllers */ = {
			isa = PBXGroup;
			children = (
				A6B8B4441AB54F2E00235759 /* MintControllers.swift */,
				A685F8D71AC7C95A005123D5 /* MintWorkspaceControllers.swift */,
				A64779E41BB2A30400A36E66 /* MintLeafPanelController.swift */,
				A6616AE61AE3BBE90048EA2D /* MintLeafViewController.swift */,
				A6B8B44A1AB9D5E400235759 /* MintCommands.swift */,
			);
			name = Controllers;
			sourceTree = "<group>";
		};
		A685F8D51AC7C4C5005123D5 /* Mint Language Model */ = {
			isa = PBXGroup;
			children = (
				A64CE23D1BA4B40F004F20E8 /* mint-lisp */,
				A6AACFE41A9999EF00BE0724 /* MintSingletons.swift */,
				A6E1F5E31AAC9EA000CE9EA3 /* MintLeafPrimitives.swift */,
				A688D9281AEC527300E14D3C /* MintLeafOperators.swift */,
				A643B9481AD1EED200990E42 /* MintLeafConstants.swift */,
				A6E1F5E11AABDDD700CE9EA3 /* MintLeaf.swift */,
				A6B8B4461AB5C58300235759 /* Mint.swift */,
				A6A0DEEE1AACAC3600B8D194 /* MintException.swift */,
			);
			name = "Mint Language Model";
			sourceTree = "<group>";
		};
		A685F8D61AC7C4E9005123D5 /* Views */ = {
			isa = PBXGroup;
			children = (
				A686081019EEC93B005E858A /* ModelView.swift */,
				A6B8B4481AB7207300235759 /* WorkspaceView.swift */,
				A6616AE21AE3B8100048EA2D /* LeafView.swift */,
				A64660AF1A2B3A7D00648FD9 /* Shader.swift */,
				A6616AE41AE3B8560048EA2D /* ArgumentCellViews.swift */,
			);
			name = Views;
			sourceTree = "<group>";
		};
		A68607E319EEC1E0005E858A = {
			isa = PBXGroup;
			children = (
				A64660AC1A27773100648FD9 /* Shader */,
				A64DDC681AC309BD00E9F9B7 /* ToolSets */,
				A68818F81ABC7CE5004CAF5D /* Tool Icons */,
				A686080E19EEC202005E858A /* OpenGL.framework */,
				A68607EE19EEC1E1005E858A /* MINT */,
				A686080119EEC1E1005E858A /* MINTTests */,
				A68607ED19EEC1E1005E858A /* Products */,
				A688DC2B1AF4703300E14D3C /* Quick.xcodeproj */,
				A688DC401AF4704200E14D3C /* Nimble.xcodeproj */,
			);
			sourceTree = "<group>";
		};
		A68607ED19EEC1E1005E858A /* Products */ = {
			isa = PBXGroup;
			children = (
				A68607EC19EEC1E1005E858A /* mint.temp_caseinsensitive_rename.app */,
				A68607FE19EEC1E1005E858A /* mint.temp_caseinsensitive_renameTests.xctest */,
			);
			name = Products;
			sourceTree = "<group>";
		};
		A68607EE19EEC1E1005E858A /* MINT */ = {
			isa = PBXGroup;
			children = (
				A68607F319EEC1E1005E858A /* AppDelegate.swift */,
				A6AACFE61A99DBC500BE0724 /* MintProtocols.swift */,
				A686081219F01791005E858A /* mint.playground */,
				A685F8D51AC7C4C5005123D5 /* Mint Language Model */,
				A685F8D41AC7C4AC005123D5 /* Controllers */,
				A685F8D61AC7C4E9005123D5 /* Views */,
				A64660A21A234F0000648FD9 /* bridge.m */,
				A68607F519EEC1E1005E858A /* Images.xcassets */,
				A68607F719EEC1E1005E858A /* MainMenu.xib */,
				A6CA06751AC5B8DA00AB2135 /* LeafView.xib */,
				A68607EF19EEC1E1005E858A /* Supporting Files */,
				A64660A11A234F0000648FD9 /* MINT-Bridging-Header.h */,
			);
			path = MINT;
			sourceTree = "<group>";
		};
		A68607EF19EEC1E1005E858A /* Supporting Files */ = {
			isa = PBXGroup;
			children = (
				A68607F019EEC1E1005E858A /* Info.plist */,
				A68607F119EEC1E1005E858A /* main.swift */,
			);
			name = "Supporting Files";
			sourceTree = "<group>";
		};
		A686080119EEC1E1005E858A /* MINTTests */ = {
			isa = PBXGroup;
			children = (
				A686080419EEC1E1005E858A /* MINTTests.swift */,
				A66425881B0832BD00A6D0F0 /* MintMatrix4x4UnitTest.swift */,
				A6A6D1611AF7B8A8007D9717 /* MintCSGUnitTest.swift */,
				A6A6D1631AF7D9A9007D9717 /* MintFoundationUnitTest.swift */,
				A654BE561AF4742500C1CA16 /* spectestsample.swift */,
				A686080219EEC1E1005E858A /* Supporting Files */,
			);
			path = MINTTests;
			sourceTree = "<group>";
		};
		A686080219EEC1E1005E858A /* Supporting Files */ = {
			isa = PBXGroup;
			children = (
				A686080319EEC1E1005E858A /* Info.plist */,
			);
			name = "Supporting Files";
			sourceTree = "<group>";
		};
		A68818F81ABC7CE5004CAF5D /* Tool Icons */ = {
			isa = PBXGroup;
			children = (
				A64DDC641AC0254000E9F9B7 /* Cube.tiff */,
				A6490AEC1B1081BE001B5A5C /* arg.tiff */,
				A6490AED1B1081BE001B5A5C /* ret.tiff */,
			);
			name = "Tool Icons";
			path = MINT;
			sourceTree = "<group>";
		};
		A688DC2C1AF4703300E14D3C /* Products */ = {
			isa = PBXGroup;
			children = (
				A688DC351AF4703300E14D3C /* Quick.framework */,
				A688DC371AF4703300E14D3C /* Quick-OSXTests.xctest */,
				A688DC391AF4703300E14D3C /* QuickFocused-OSXTests.xctest */,
				A688DC3B1AF4703300E14D3C /* Quick.framework */,
				A688DC3D1AF4703300E14D3C /* Quick-iOSTests.xctest */,
				A688DC3F1AF4703300E14D3C /* QuickFocused-iOSTests.xctest */,
			);
			name = Products;
			sourceTree = "<group>";
		};
		A688DC411AF4704200E14D3C /* Products */ = {
			isa = PBXGroup;
			children = (
				A688DC481AF4704200E14D3C /* Nimble.framework */,
				A688DC4A1AF4704200E14D3C /* NimbleTests.xctest */,
				A688DC4C1AF4704200E14D3C /* Nimble.framework */,
				A688DC4E1AF4704200E14D3C /* NimbleTests.xctest */,
			);
			name = Products;
			sourceTree = "<group>";
		};
/* End PBXGroup section */

/* Begin PBXNativeTarget section */
		A68607EB19EEC1E1005E858A /* mint.temp_caseinsensitive_rename */ = {
			isa = PBXNativeTarget;
			buildConfigurationList = A686080819EEC1E1005E858A /* Build configuration list for PBXNativeTarget "mint.temp_caseinsensitive_rename" */;
			buildPhases = (
				A68607E819EEC1E1005E858A /* Sources */,
				A68607E919EEC1E1005E858A /* Frameworks */,
				A68607EA19EEC1E1005E858A /* Resources */,
			);
			buildRules = (
			);
			dependencies = (
			);
			name = mint.temp_caseinsensitive_rename;
			productName = MINT;
			productReference = A68607EC19EEC1E1005E858A /* mint.temp_caseinsensitive_rename.app */;
			productType = "com.apple.product-type.application";
		};
		A68607FD19EEC1E1005E858A /* mint.temp_caseinsensitive_renameTests */ = {
			isa = PBXNativeTarget;
			buildConfigurationList = A686080B19EEC1E1005E858A /* Build configuration list for PBXNativeTarget "mint.temp_caseinsensitive_renameTests" */;
			buildPhases = (
				A68607FA19EEC1E1005E858A /* Sources */,
				A68607FB19EEC1E1005E858A /* Frameworks */,
				A68607FC19EEC1E1005E858A /* Resources */,
			);
			buildRules = (
			);
			dependencies = (
				A686080019EEC1E1005E858A /* PBXTargetDependency */,
			);
			name = mint.temp_caseinsensitive_renameTests;
			productName = MINTTests;
			productReference = A68607FE19EEC1E1005E858A /* mint.temp_caseinsensitive_renameTests.xctest */;
			productType = "com.apple.product-type.bundle.unit-test";
		};
/* End PBXNativeTarget section */

/* Begin PBXProject section */
		A68607E419EEC1E0005E858A /* Project object */ = {
			isa = PBXProject;
			attributes = {
				LastSwiftUpdateCheck = 0700;
				LastUpgradeCheck = 0700;
				ORGANIZATIONNAME = "Taizo A.";
				TargetAttributes = {
					A68607EB19EEC1E1005E858A = {
						CreatedOnToolsVersion = 6.0;
					};
					A68607FD19EEC1E1005E858A = {
						CreatedOnToolsVersion = 6.0;
						TestTargetID = A68607EB19EEC1E1005E858A;
					};
				};
			};
			buildConfigurationList = A68607E719EEC1E0005E858A /* Build configuration list for PBXProject "mint" */;
			compatibilityVersion = "Xcode 3.2";
			developmentRegion = English;
			hasScannedForEncodings = 0;
			knownRegions = (
				en,
				Base,
			);
			mainGroup = A68607E319EEC1E0005E858A;
			productRefGroup = A68607ED19EEC1E1005E858A /* Products */;
			projectDirPath = "";
			projectReferences = (
				{
					ProductGroup = A688DC411AF4704200E14D3C /* Products */;
					ProjectRef = A688DC401AF4704200E14D3C /* Nimble.xcodeproj */;
				},
				{
					ProductGroup = A688DC2C1AF4703300E14D3C /* Products */;
					ProjectRef = A688DC2B1AF4703300E14D3C /* Quick.xcodeproj */;
				},
			);
			projectRoot = "";
			targets = (
				A68607EB19EEC1E1005E858A /* mint.temp_caseinsensitive_rename */,
				A68607FD19EEC1E1005E858A /* mint.temp_caseinsensitive_renameTests */,
			);
		};
/* End PBXProject section */

/* Begin PBXReferenceProxy section */
		A688DC351AF4703300E14D3C /* Quick.framework */ = {
			isa = PBXReferenceProxy;
			fileType = wrapper.framework;
			path = Quick.framework;
			remoteRef = A688DC341AF4703300E14D3C /* PBXContainerItemProxy */;
			sourceTree = BUILT_PRODUCTS_DIR;
		};
		A688DC371AF4703300E14D3C /* Quick-OSXTests.xctest */ = {
			isa = PBXReferenceProxy;
			fileType = wrapper.cfbundle;
			path = "Quick-OSXTests.xctest";
			remoteRef = A688DC361AF4703300E14D3C /* PBXContainerItemProxy */;
			sourceTree = BUILT_PRODUCTS_DIR;
		};
		A688DC391AF4703300E14D3C /* QuickFocused-OSXTests.xctest */ = {
			isa = PBXReferenceProxy;
			fileType = wrapper.cfbundle;
			path = "QuickFocused-OSXTests.xctest";
			remoteRef = A688DC381AF4703300E14D3C /* PBXContainerItemProxy */;
			sourceTree = BUILT_PRODUCTS_DIR;
		};
		A688DC3B1AF4703300E14D3C /* Quick.framework */ = {
			isa = PBXReferenceProxy;
			fileType = wrapper.framework;
			path = Quick.framework;
			remoteRef = A688DC3A1AF4703300E14D3C /* PBXContainerItemProxy */;
			sourceTree = BUILT_PRODUCTS_DIR;
		};
		A688DC3D1AF4703300E14D3C /* Quick-iOSTests.xctest */ = {
			isa = PBXReferenceProxy;
			fileType = wrapper.cfbundle;
			path = "Quick-iOSTests.xctest";
			remoteRef = A688DC3C1AF4703300E14D3C /* PBXContainerItemProxy */;
			sourceTree = BUILT_PRODUCTS_DIR;
		};
		A688DC3F1AF4703300E14D3C /* QuickFocused-iOSTests.xctest */ = {
			isa = PBXReferenceProxy;
			fileType = wrapper.cfbundle;
			path = "QuickFocused-iOSTests.xctest";
			remoteRef = A688DC3E1AF4703300E14D3C /* PBXContainerItemProxy */;
			sourceTree = BUILT_PRODUCTS_DIR;
		};
		A688DC481AF4704200E14D3C /* Nimble.framework */ = {
			isa = PBXReferenceProxy;
			fileType = wrapper.framework;
			path = Nimble.framework;
			remoteRef = A688DC471AF4704200E14D3C /* PBXContainerItemProxy */;
			sourceTree = BUILT_PRODUCTS_DIR;
		};
		A688DC4A1AF4704200E14D3C /* NimbleTests.xctest */ = {
			isa = PBXReferenceProxy;
			fileType = wrapper.cfbundle;
			path = NimbleTests.xctest;
			remoteRef = A688DC491AF4704200E14D3C /* PBXContainerItemProxy */;
			sourceTree = BUILT_PRODUCTS_DIR;
		};
		A688DC4C1AF4704200E14D3C /* Nimble.framework */ = {
			isa = PBXReferenceProxy;
			fileType = wrapper.framework;
			path = Nimble.framework;
			remoteRef = A688DC4B1AF4704200E14D3C /* PBXContainerItemProxy */;
			sourceTree = BUILT_PRODUCTS_DIR;
		};
		A688DC4E1AF4704200E14D3C /* NimbleTests.xctest */ = {
			isa = PBXReferenceProxy;
			fileType = wrapper.cfbundle;
			path = NimbleTests.xctest;
			remoteRef = A688DC4D1AF4704200E14D3C /* PBXContainerItemProxy */;
			sourceTree = BUILT_PRODUCTS_DIR;
		};
/* End PBXReferenceProxy section */

/* Begin PBXResourcesBuildPhase section */
		A68607EA19EEC1E1005E858A /* Resources */ = {
			isa = PBXResourcesBuildPhase;
			buildActionMask = 2147483647;
			files = (
				A6490AEF1B1081BE001B5A5C /* ret.tiff in Resources */,
				A6490AEE1B1081BE001B5A5C /* arg.tiff in Resources */,
				A64DDC6A1AC309EE00E9F9B7 /* 3D Primitives.toolset in Resources */,
				A6CA06761AC5B8DA00AB2135 /* LeafView.xib in Resources */,
				A64660B31A2CC77600648FD9 /* OpenJsCADLightingShader.fs in Resources */,
				A64660B41A2CC77600648FD9 /* OpenJsCADLightingShader.vs in Resources */,
				A688D92B1AED534300E14D3C /* Operator.toolset in Resources */,
				A64660A81A27771400648FD9 /* OpenJsCADBlackShader.fs in Resources */,
				A643B94B1AD1F69B00990E42 /* Control.toolset in Resources */,
				A64660A91A27771400648FD9 /* OpenJsCADBlackShader.vs in Resources */,
				A68607F619EEC1E1005E858A /* Images.xcassets in Resources */,
				A64DDC651AC0254000E9F9B7 /* Cube.tiff in Resources */,
				A68607F919EEC1E1005E858A /* MainMenu.xib in Resources */,
			);
			runOnlyForDeploymentPostprocessing = 0;
		};
		A68607FC19EEC1E1005E858A /* Resources */ = {
			isa = PBXResourcesBuildPhase;
			buildActionMask = 2147483647;
			files = (
			);
			runOnlyForDeploymentPostprocessing = 0;
		};
/* End PBXResourcesBuildPhase section */

/* Begin PBXSourcesBuildPhase section */
		A68607E819EEC1E1005E858A /* Sources */ = {
			isa = PBXSourcesBuildPhase;
			buildActionMask = 2147483647;
			files = (
				A64CE2541BA4B432004F20E8 /* mintlisp_3d_IO.swift in Sources */,
				A64CE24C1BA4B432004F20E8 /* Interpreter.swift in Sources */,
				A64CE25E1BA4B432004F20E8 /* mintlisp_lispobj.swift in Sources */,
				A64CE2621BA4B432004F20E8 /* mintlisp_parser.swift in Sources */,
				A64CE2521BA4B432004F20E8 /* mint_matrix4x4.swift in Sources */,
				A64779E51BB2A30400A36E66 /* MintLeafPanelController.swift in Sources */,
				A6616AE31AE3B8100048EA2D /* LeafView.swift in Sources */,
				A643B9491AD1EED200990E42 /* MintLeafConstants.swift in Sources */,
				A64CE2561BA4B432004F20E8 /* mintlisp_3d_objprocs.swift in Sources */,
				A6B8B4471AB5C58300235759 /* Mint.swift in Sources */,
				A6AACFE51A9999EF00BE0724 /* MintSingletons.swift in Sources */,
				A6A0DEEF1AACAC3600B8D194 /* MintException.swift in Sources */,
				A64660A31A234F0000648FD9 /* bridge.m in Sources */,
				A6B8B4451AB54F2E00235759 /* MintControllers.swift in Sources */,
				A64CE25A1BA4B432004F20E8 /* mintlisp_env.swift in Sources */,
				A64CE2581BA4B432004F20E8 /* mintlisp_3d_primitives.swift in Sources */,
				A64CE2661BA4B432004F20E8 /* mintlisp_util.swift in Sources */,
				A686081119EEC93B005E858A /* ModelView.swift in Sources */,
				A688D9291AEC527300E14D3C /* MintLeafOperators.swift in Sources */,
				A6E1F5E41AAC9EA000CE9EA3 /* MintLeafPrimitives.swift in Sources */,
				A64CE24E1BA4B432004F20E8 /* mint_CSG.swift in Sources */,
				A6616AE51AE3B8560048EA2D /* ArgumentCellViews.swift in Sources */,
				A685F8D81AC7C95A005123D5 /* MintWorkspaceControllers.swift in Sources */,
				A64CE2601BA4B432004F20E8 /* mintlisp_listops.swift in Sources */,
				A64CE25C1BA4B432004F20E8 /* mintlisp_evaluator.swift in Sources */,
				A6AACFE71A99DBC500BE0724 /* MintProtocols.swift in Sources */,
				A68607F419EEC1E1005E858A /* AppDelegate.swift in Sources */,
				A64CE2641BA4B432004F20E8 /* mintlisp_primitive.swift in Sources */,
				A68607F219EEC1E1005E858A /* main.swift in Sources */,
				A6B8B44B1AB9D5E400235759 /* MintCommands.swift in Sources */,
				A64660B01A2B3A7D00648FD9 /* Shader.swift in Sources */,
				A64CE2501BA4B432004F20E8 /* mint_foundation.swift in Sources */,
				A6B8B4491AB7207300235759 /* WorkspaceView.swift in Sources */,
				A6616AE71AE3BBE90048EA2D /* MintLeafViewController.swift in Sources */,
				A6E1F5E21AABDDD700CE9EA3 /* MintLeaf.swift in Sources */,
			);
			runOnlyForDeploymentPostprocessing = 0;
		};
		A68607FA19EEC1E1005E858A /* Sources */ = {
			isa = PBXSourcesBuildPhase;
			buildActionMask = 2147483647;
			files = (
				A64CE2551BA4B432004F20E8 /* mintlisp_3d_IO.swift in Sources */,
				A64CE2671BA4B432004F20E8 /* mintlisp_util.swift in Sources */,
				A66425891B0832BD00A6D0F0 /* MintMatrix4x4UnitTest.swift in Sources */,
				A6A6D1451AF47708007D9717 /* MintException.swift in Sources */,
				A64CE24F1BA4B432004F20E8 /* mint_CSG.swift in Sources */,
				A64CE24D1BA4B432004F20E8 /* Interpreter.swift in Sources */,
				A6A6D1311AF4761E007D9717 /* MintLeaf.swift in Sources */,
				A654BE571AF4742500C1CA16 /* spectestsample.swift in Sources */,
				A64CE2511BA4B432004F20E8 /* mint_foundation.swift in Sources */,
				A686080519EEC1E1005E858A /* MINTTests.swift in Sources */,
				A64CE2571BA4B432004F20E8 /* mintlisp_3d_objprocs.swift in Sources */,
				A64CE25D1BA4B432004F20E8 /* mintlisp_evaluator.swift in Sources */,
				A6A6D1641AF7D9A9007D9717 /* MintFoundationUnitTest.swift in Sources */,
				A64CE2651BA4B432004F20E8 /* mintlisp_primitive.swift in Sources */,
				A64CE2611BA4B432004F20E8 /* mintlisp_listops.swift in Sources */,
				A64CE25F1BA4B432004F20E8 /* mintlisp_lispobj.swift in Sources */,
				A6A6D1621AF7B8A8007D9717 /* MintCSGUnitTest.swift in Sources */,
				A64CE2531BA4B432004F20E8 /* mint_matrix4x4.swift in Sources */,
				A64CE2591BA4B432004F20E8 /* mintlisp_3d_primitives.swift in Sources */,
				A64CE2631BA4B432004F20E8 /* mintlisp_parser.swift in Sources */,
				A64CE25B1BA4B432004F20E8 /* mintlisp_env.swift in Sources */,
			);
			runOnlyForDeploymentPostprocessing = 0;
		};
/* End PBXSourcesBuildPhase section */

/* Begin PBXTargetDependency section */
		A686080019EEC1E1005E858A /* PBXTargetDependency */ = {
			isa = PBXTargetDependency;
			target = A68607EB19EEC1E1005E858A /* mint.temp_caseinsensitive_rename */;
			targetProxy = A68607FF19EEC1E1005E858A /* PBXContainerItemProxy */;
		};
/* End PBXTargetDependency section */

/* Begin PBXVariantGroup section */
		A68607F719EEC1E1005E858A /* MainMenu.xib */ = {
			isa = PBXVariantGroup;
			children = (
				A68607F819EEC1E1005E858A /* Base */,
			);
			name = MainMenu.xib;
			sourceTree = "<group>";
		};
/* End PBXVariantGroup section */

/* Begin XCBuildConfiguration section */
		A686080619EEC1E1005E858A /* Debug */ = {
			isa = XCBuildConfiguration;
			buildSettings = {
				ALWAYS_SEARCH_USER_PATHS = NO;
				CLANG_CXX_LANGUAGE_STANDARD = "gnu++0x";
				CLANG_CXX_LIBRARY = "libc++";
				CLANG_ENABLE_MODULES = YES;
				CLANG_ENABLE_OBJC_ARC = YES;
				CLANG_WARN_BOOL_CONVERSION = YES;
				CLANG_WARN_CONSTANT_CONVERSION = YES;
				CLANG_WARN_DIRECT_OBJC_ISA_USAGE = YES_ERROR;
				CLANG_WARN_EMPTY_BODY = YES;
				CLANG_WARN_ENUM_CONVERSION = YES;
				CLANG_WARN_INT_CONVERSION = YES;
				CLANG_WARN_OBJC_ROOT_CLASS = YES_ERROR;
				CLANG_WARN_UNREACHABLE_CODE = YES;
				CLANG_WARN__DUPLICATE_METHOD_MATCH = YES;
				CODE_SIGN_IDENTITY = "-";
				COPY_PHASE_STRIP = NO;
				ENABLE_STRICT_OBJC_MSGSEND = YES;
				ENABLE_TESTABILITY = YES;
				GCC_C_LANGUAGE_STANDARD = gnu99;
				GCC_DYNAMIC_NO_PIC = NO;
				GCC_OPTIMIZATION_LEVEL = 0;
				GCC_PREPROCESSOR_DEFINITIONS = (
					"DEBUG=1",
					"$(inherited)",
				);
				GCC_SYMBOLS_PRIVATE_EXTERN = NO;
				GCC_WARN_64_TO_32_BIT_CONVERSION = YES;
				GCC_WARN_ABOUT_RETURN_TYPE = YES_ERROR;
				GCC_WARN_UNDECLARED_SELECTOR = YES;
				GCC_WARN_UNINITIALIZED_AUTOS = YES_AGGRESSIVE;
				GCC_WARN_UNUSED_FUNCTION = YES;
				GCC_WARN_UNUSED_VARIABLE = YES;
				MACOSX_DEPLOYMENT_TARGET = 10.9;
				MTL_ENABLE_DEBUG_INFO = YES;
				ONLY_ACTIVE_ARCH = YES;
				SDKROOT = macosx;
				SWIFT_OPTIMIZATION_LEVEL = "-Onone";
			};
			name = Debug;
		};
		A686080719EEC1E1005E858A /* Release */ = {
			isa = XCBuildConfiguration;
			buildSettings = {
				ALWAYS_SEARCH_USER_PATHS = NO;
				CLANG_CXX_LANGUAGE_STANDARD = "gnu++0x";
				CLANG_CXX_LIBRARY = "libc++";
				CLANG_ENABLE_MODULES = YES;
				CLANG_ENABLE_OBJC_ARC = YES;
				CLANG_WARN_BOOL_CONVERSION = YES;
				CLANG_WARN_CONSTANT_CONVERSION = YES;
				CLANG_WARN_DIRECT_OBJC_ISA_USAGE = YES_ERROR;
				CLANG_WARN_EMPTY_BODY = YES;
				CLANG_WARN_ENUM_CONVERSION = YES;
				CLANG_WARN_INT_CONVERSION = YES;
				CLANG_WARN_OBJC_ROOT_CLASS = YES_ERROR;
				CLANG_WARN_UNREACHABLE_CODE = YES;
				CLANG_WARN__DUPLICATE_METHOD_MATCH = YES;
				CODE_SIGN_IDENTITY = "-";
				COPY_PHASE_STRIP = YES;
				DEBUG_INFORMATION_FORMAT = "dwarf-with-dsym";
				ENABLE_NS_ASSERTIONS = NO;
				ENABLE_STRICT_OBJC_MSGSEND = YES;
				GCC_C_LANGUAGE_STANDARD = gnu99;
				GCC_WARN_64_TO_32_BIT_CONVERSION = YES;
				GCC_WARN_ABOUT_RETURN_TYPE = YES_ERROR;
				GCC_WARN_UNDECLARED_SELECTOR = YES;
				GCC_WARN_UNINITIALIZED_AUTOS = YES_AGGRESSIVE;
				GCC_WARN_UNUSED_FUNCTION = YES;
				GCC_WARN_UNUSED_VARIABLE = YES;
				MACOSX_DEPLOYMENT_TARGET = 10.9;
				MTL_ENABLE_DEBUG_INFO = NO;
				SDKROOT = macosx;
			};
			name = Release;
		};
		A686080919EEC1E1005E858A /* Debug */ = {
			isa = XCBuildConfiguration;
			buildSettings = {
				ASSETCATALOG_COMPILER_APPICON_NAME = AppIcon;
				CLANG_ENABLE_MODULES = YES;
				COMBINE_HIDPI_IMAGES = YES;
				FRAMEWORK_SEARCH_PATHS = (
					"$(inherited)",
					"$(PROJECT_DIR)/Vendor/Quick/build/Debug",
					"$(PROJECT_DIR)/Vendor/Nimbie/build/Debug",
				);
				INFOPLIST_FILE = MINT/Info.plist;
				LD_RUNPATH_SEARCH_PATHS = "$(inherited) @executable_path/../Frameworks";
				PRODUCT_BUNDLE_IDENTIFIER = "b2a.${PRODUCT_NAME:rfc1034identifier}";
				PRODUCT_NAME = mint.temp_caseinsensitive_rename;
				SWIFT_OBJC_BRIDGING_HEADER = "MINT/MINT-Bridging-Header.h";
				SWIFT_OPTIMIZATION_LEVEL = "-Onone";
			};
			name = Debug;
		};
		A686080A19EEC1E1005E858A /* Release */ = {
			isa = XCBuildConfiguration;
			buildSettings = {
				ASSETCATALOG_COMPILER_APPICON_NAME = AppIcon;
				CLANG_ENABLE_MODULES = YES;
				COMBINE_HIDPI_IMAGES = YES;
				FRAMEWORK_SEARCH_PATHS = (
					"$(inherited)",
					"$(PROJECT_DIR)/Vendor/Quick/build/Debug",
					"$(PROJECT_DIR)/Vendor/Nimbie/build/Debug",
				);
				INFOPLIST_FILE = MINT/Info.plist;
				LD_RUNPATH_SEARCH_PATHS = "$(inherited) @executable_path/../Frameworks";
				PRODUCT_BUNDLE_IDENTIFIER = "b2a.${PRODUCT_NAME:rfc1034identifier}";
				PRODUCT_NAME = mint.temp_caseinsensitive_rename;
				SWIFT_OBJC_BRIDGING_HEADER = "MINT/MINT-Bridging-Header.h";
			};
			name = Release;
		};
		A686080C19EEC1E1005E858A /* Debug */ = {
			isa = XCBuildConfiguration;
			buildSettings = {
				BUNDLE_LOADER = "$(BUILT_PRODUCTS_DIR)/MINT.app/Contents/MacOS/MINT";
				COMBINE_HIDPI_IMAGES = YES;
				FRAMEWORK_SEARCH_PATHS = (
					"$(DEVELOPER_FRAMEWORKS_DIR)",
					"$(inherited)",
				);
				GCC_PREPROCESSOR_DEFINITIONS = (
					"DEBUG=1",
					"$(inherited)",
				);
				INFOPLIST_FILE = MINTTests/Info.plist;
				LD_RUNPATH_SEARCH_PATHS = "$(inherited) @executable_path/../Frameworks @loader_path/../Frameworks";
				PRODUCT_BUNDLE_IDENTIFIER = "b2a.${PRODUCT_NAME:rfc1034identifier}";
				PRODUCT_NAME = mint.temp_caseinsensitive_renameTests;
				TEST_HOST = "$(BUNDLE_LOADER)";
			};
			name = Debug;
		};
		A686080D19EEC1E1005E858A /* Release */ = {
			isa = XCBuildConfiguration;
			buildSettings = {
				BUNDLE_LOADER = "$(BUILT_PRODUCTS_DIR)/MINT.app/Contents/MacOS/MINT";
				COMBINE_HIDPI_IMAGES = YES;
				FRAMEWORK_SEARCH_PATHS = (
					"$(DEVELOPER_FRAMEWORKS_DIR)",
					"$(inherited)",
				);
				INFOPLIST_FILE = MINTTests/Info.plist;
				LD_RUNPATH_SEARCH_PATHS = "$(inherited) @executable_path/../Frameworks @loader_path/../Frameworks";
				PRODUCT_BUNDLE_IDENTIFIER = "b2a.${PRODUCT_NAME:rfc1034identifier}";
				PRODUCT_NAME = mint.temp_caseinsensitive_renameTests;
				TEST_HOST = "$(BUNDLE_LOADER)";
			};
			name = Release;
		};
/* End XCBuildConfiguration section */

/* Begin XCConfigurationList section */
		A68607E719EEC1E0005E858A /* Build configuration list for PBXProject "mint" */ = {
			isa = XCConfigurationList;
			buildConfigurations = (
				A686080619EEC1E1005E858A /* Debug */,
				A686080719EEC1E1005E858A /* Release */,
			);
			defaultConfigurationIsVisible = 0;
			defaultConfigurationName = Release;
		};
		A686080819EEC1E1005E858A /* Build configuration list for PBXNativeTarget "mint.temp_caseinsensitive_rename" */ = {
			isa = XCConfigurationList;
			buildConfigurations = (
				A686080919EEC1E1005E858A /* Debug */,
				A686080A19EEC1E1005E858A /* Release */,
			);
			defaultConfigurationIsVisible = 0;
			defaultConfigurationName = Release;
		};
		A686080B19EEC1E1005E858A /* Build configuration list for PBXNativeTarget "mint.temp_caseinsensitive_renameTests" */ = {
			isa = XCConfigurationList;
			buildConfigurations = (
				A686080C19EEC1E1005E858A /* Debug */,
				A686080D19EEC1E1005E858A /* Release */,
			);
			defaultConfigurationIsVisible = 0;
			defaultConfigurationName = Release;
		};
/* End XCConfigurationList section */
	};
	rootObject = A68607E419EEC1E0005E858A /* Project object */;
}
